
Microsoft Visual Studio Solution File, Format Version 12.00
# Visual Studio Version 17
VisualStudioVersion = 17.14.36623.8 d17.14
MinimumVisualStudioVersion = 10.0.40219.1
Project("{FAE04EC0-301F-11D3-BF4B-00C04F79EFBC}") = "examenProg", "examenProg\examenProg.csproj", "{4899DA1F-3AEB-4EFE-B814-E6ECEDF086C0}"
EndProject
Project("{FAE04EC0-301F-11D3-BF4B-00C04F79EFBC}") = "WinFormsApp1", "WinFormsApp1\WinFormsApp1.csproj", "{BBEC7157-ED31-4436-84DE-3857024A31E5}"
EndProject
Global
	GlobalSection(SolutionConfigurationPlatforms) = preSolution
		Debug|Any CPU = Debug|Any CPU
		Release|Any CPU = Release|Any CPU
	EndGlobalSection
	GlobalSection(ProjectConfigurationPlatforms) = postSolution
		{4899DA1F-3AEB-4EFE-B814-E6ECEDF086C0}.Debug|Any CPU.ActiveCfg = Debug|Any CPU
		{4899DA1F-3AEB-4EFE-B814-E6ECEDF086C0}.Debug|Any CPU.Build.0 = Debug|Any CPU
		{4899DA1F-3AEB-4EFE-B814-E6ECEDF086C0}.Release|Any CPU.ActiveCfg = Release|Any CPU
		{4899DA1F-3AEB-4EFE-B814-E6ECEDF086C0}.Release|Any CPU.Build.0 = Release|Any CPU
		{BBEC7157-ED31-4436-84DE-3857024A31E5}.Debug|Any CPU.ActiveCfg = Debug|Any CPU
		{BBEC7157-ED31-4436-84DE-3857024A31E5}.Debug|Any CPU.Build.0 = Debug|Any CPU
		{BBEC7157-ED31-4436-84DE-3857024A31E5}.Release|Any CPU.ActiveCfg = Release|Any CPU
		{BBEC7157-ED31-4436-84DE-3857024A31E5}.Release|Any CPU.Build.0 = Release|Any CPU
	EndGlobalSection
	GlobalSection(SolutionProperties) = preSolution
		HideSolutionNode = FALSE
	EndGlobalSection
	GlobalSection(ExtensibilityGlobals) = postSolution
		SolutionGuid = {8810D9E5-70E9-4BFB-926D-0408CE108895}
	EndGlobalSection
EndGlobal
